
Microsoft Visual Studio Solution File, Format Version 12.00
# Visual Studio 14
VisualStudioVersion = 14.0.25420.1
MinimumVisualStudioVersion = 10.0.40219.1
Project("{FAE04EC0-301F-11D3-BF4B-00C04F79EFBC}") = "BillClintonCommon", "ClassLibrary1\BillClintonCommon.csproj", "{253BC063-8393-44D3-935F-2909A7C0ABF2}"
EndProject
Project("{FAE04EC0-301F-11D3-BF4B-00C04F79EFBC}") = "ConsoleApplication1", "ConsoleApplication1\ConsoleApplication1.csproj", "{7DE23ED9-908C-498C-8306-336FDCB30A10}"
EndProject
Global
	GlobalSection(SolutionConfigurationPlatforms) = preSolution
		Debug|Any CPU = Debug|Any CPU
		Release|Any CPU = Release|Any CPU
	EndGlobalSection
	GlobalSection(ProjectConfigurationPlatforms) = postSolution
		{253BC063-8393-44D3-935F-2909A7C0ABF2}.Debug|Any CPU.ActiveCfg = Debug|Any CPU
		{253BC063-8393-44D3-935F-2909A7C0ABF2}.Debug|Any CPU.Build.0 = Debug|Any CPU
		{253BC063-8393-44D3-935F-2909A7C0ABF2}.Release|Any CPU.ActiveCfg = Release|Any CPU
		{253BC063-8393-44D3-935F-2909A7C0ABF2}.Release|Any CPU.Build.0 = Release|Any CPU
		{7DE23ED9-908C-498C-8306-336FDCB30A10}.Debug|Any CPU.ActiveCfg = Debug|Any CPU
		{7DE23ED9-908C-498C-8306-336FDCB30A10}.Debug|Any CPU.Build.0 = Debug|Any CPU
		{7DE23ED9-908C-498C-8306-336FDCB30A10}.Release|Any CPU.ActiveCfg = Release|Any CPU
		{7DE23ED9-908C-498C-8306-336FDCB30A10}.Release|Any CPU.Build.0 = Release|Any CPU
	EndGlobalSection
	GlobalSection(SolutionProperties) = preSolution
		HideSolutionNode = FALSE
	EndGlobalSection
EndGlobal
